
Microsoft Visual Studio Solution File, Format Version 12.00
# Visual Studio Version 17
VisualStudioVersion = 17.11.35219.272
MinimumVisualStudioVersion = 10.0.40219.1
Project("{9A19103F-16F7-4668-BE54-9A1E7A4F7556}") = "Local_Server", "Local_Server\Local_Server.csproj", "{F3C610DA-3F9E-4B82-92E2-8D368C12A759}"
EndProject
Project("{FAE04EC0-301F-11D3-BF4B-00C04F79EFBC}") = "Local_User", "Local_User\Local_User.csproj", "{EB2F19CE-F04C-4ED3-B2BB-DD53E16571A9}"
EndProject
Global
	GlobalSection(SolutionConfigurationPlatforms) = preSolution
		Debug|Any CPU = Debug|Any CPU
		Release|Any CPU = Release|Any CPU
	EndGlobalSection
	GlobalSection(ProjectConfigurationPlatforms) = postSolution
		{F3C610DA-3F9E-4B82-92E2-8D368C12A759}.Debug|Any CPU.ActiveCfg = Debug|Any CPU
		{F3C610DA-3F9E-4B82-92E2-8D368C12A759}.Debug|Any CPU.Build.0 = Debug|Any CPU
		{F3C610DA-3F9E-4B82-92E2-8D368C12A759}.Release|Any CPU.ActiveCfg = Release|Any CPU
		{F3C610DA-3F9E-4B82-92E2-8D368C12A759}.Release|Any CPU.Build.0 = Release|Any CPU
		{EB2F19CE-F04C-4ED3-B2BB-DD53E16571A9}.Debug|Any CPU.ActiveCfg = Debug|Any CPU
		{EB2F19CE-F04C-4ED3-B2BB-DD53E16571A9}.Debug|Any CPU.Build.0 = Debug|Any CPU
		{EB2F19CE-F04C-4ED3-B2BB-DD53E16571A9}.Release|Any CPU.ActiveCfg = Release|Any CPU
		{EB2F19CE-F04C-4ED3-B2BB-DD53E16571A9}.Release|Any CPU.Build.0 = Release|Any CPU
	EndGlobalSection
	GlobalSection(SolutionProperties) = preSolution
		HideSolutionNode = FALSE
	EndGlobalSection
	GlobalSection(ExtensibilityGlobals) = postSolution
		SolutionGuid = {E73A2049-B2C8-47B1-82FF-AC5ED572CEEB}
	EndGlobalSection
EndGlobal
